
Microsoft Visual Studio Solution File, Format Version 12.00
# Visual Studio 15
VisualStudioVersion = 15.0.26124.0
MinimumVisualStudioVersion = 15.0.26124.0
Project("{FAE04EC0-301F-11D3-BF4B-00C04F79EFBC}") = "Catherine.Api", "Catherine.Api\Catherine.Api.csproj", "{F8215F9E-9BE0-42C5-B67B-A7DF0BC8CD24}"
EndProject
Project("{FAE04EC0-301F-11D3-BF4B-00C04F79EFBC}") = "Catherine.Model", "Catherine.Model\Catherine.Model.csproj", "{EEF7A142-16B6-4F98-AB61-A8A9ECBC670D}"
EndProject
Project("{FAE04EC0-301F-11D3-BF4B-00C04F79EFBC}") = "Catherine.Shared", "Catherine.Shared\Catherine.Shared.csproj", "{F8878343-12D8-4588-B32A-A31546BA418C}"
EndProject
Global
	GlobalSection(SolutionConfigurationPlatforms) = preSolution
		Debug|Any CPU = Debug|Any CPU
		Debug|x64 = Debug|x64
		Debug|x86 = Debug|x86
		Release|Any CPU = Release|Any CPU
		Release|x64 = Release|x64
		Release|x86 = Release|x86
	EndGlobalSection
	GlobalSection(SolutionProperties) = preSolution
		HideSolutionNode = FALSE
	EndGlobalSection
	GlobalSection(ProjectConfigurationPlatforms) = postSolution
		{F8215F9E-9BE0-42C5-B67B-A7DF0BC8CD24}.Debug|Any CPU.ActiveCfg = Debug|Any CPU
		{F8215F9E-9BE0-42C5-B67B-A7DF0BC8CD24}.Debug|Any CPU.Build.0 = Debug|Any CPU
		{F8215F9E-9BE0-42C5-B67B-A7DF0BC8CD24}.Debug|x64.ActiveCfg = Debug|Any CPU
		{F8215F9E-9BE0-42C5-B67B-A7DF0BC8CD24}.Debug|x64.Build.0 = Debug|Any CPU
		{F8215F9E-9BE0-42C5-B67B-A7DF0BC8CD24}.Debug|x86.ActiveCfg = Debug|Any CPU
		{F8215F9E-9BE0-42C5-B67B-A7DF0BC8CD24}.Debug|x86.Build.0 = Debug|Any CPU
		{F8215F9E-9BE0-42C5-B67B-A7DF0BC8CD24}.Release|Any CPU.ActiveCfg = Release|Any CPU
		{F8215F9E-9BE0-42C5-B67B-A7DF0BC8CD24}.Release|Any CPU.Build.0 = Release|Any CPU
		{F8215F9E-9BE0-42C5-B67B-A7DF0BC8CD24}.Release|x64.ActiveCfg = Release|Any CPU
		{F8215F9E-9BE0-42C5-B67B-A7DF0BC8CD24}.Release|x64.Build.0 = Release|Any CPU
		{F8215F9E-9BE0-42C5-B67B-A7DF0BC8CD24}.Release|x86.ActiveCfg = Release|Any CPU
		{F8215F9E-9BE0-42C5-B67B-A7DF0BC8CD24}.Release|x86.Build.0 = Release|Any CPU
		{EEF7A142-16B6-4F98-AB61-A8A9ECBC670D}.Debug|Any CPU.ActiveCfg = Debug|Any CPU
		{EEF7A142-16B6-4F98-AB61-A8A9ECBC670D}.Debug|Any CPU.Build.0 = Debug|Any CPU
		{EEF7A142-16B6-4F98-AB61-A8A9ECBC670D}.Debug|x64.ActiveCfg = Debug|Any CPU
		{EEF7A142-16B6-4F98-AB61-A8A9ECBC670D}.Debug|x64.Build.0 = Debug|Any CPU
		{EEF7A142-16B6-4F98-AB61-A8A9ECBC670D}.Debug|x86.ActiveCfg = Debug|Any CPU
		{EEF7A142-16B6-4F98-AB61-A8A9ECBC670D}.Debug|x86.Build.0 = Debug|Any CPU
		{EEF7A142-16B6-4F98-AB61-A8A9ECBC670D}.Release|Any CPU.ActiveCfg = Release|Any CPU
		{EEF7A142-16B6-4F98-AB61-A8A9ECBC670D}.Release|Any CPU.Build.0 = Release|Any CPU
		{EEF7A142-16B6-4F98-AB61-A8A9ECBC670D}.Release|x64.ActiveCfg = Release|Any CPU
		{EEF7A142-16B6-4F98-AB61-A8A9ECBC670D}.Release|x64.Build.0 = Release|Any CPU
		{EEF7A142-16B6-4F98-AB61-A8A9ECBC670D}.Release|x86.ActiveCfg = Release|Any CPU
		{EEF7A142-16B6-4F98-AB61-A8A9ECBC670D}.Release|x86.Build.0 = Release|Any CPU
		{F8878343-12D8-4588-B32A-A31546BA418C}.Debug|Any CPU.ActiveCfg = Debug|Any CPU
		{F8878343-12D8-4588-B32A-A31546BA418C}.Debug|Any CPU.Build.0 = Debug|Any CPU
		{F8878343-12D8-4588-B32A-A31546BA418C}.Debug|x64.ActiveCfg = Debug|Any CPU
		{F8878343-12D8-4588-B32A-A31546BA418C}.Debug|x64.Build.0 = Debug|Any CPU
		{F8878343-12D8-4588-B32A-A31546BA418C}.Debug|x86.ActiveCfg = Debug|Any CPU
		{F8878343-12D8-4588-B32A-A31546BA418C}.Debug|x86.Build.0 = Debug|Any CPU
		{F8878343-12D8-4588-B32A-A31546BA418C}.Release|Any CPU.ActiveCfg = Release|Any CPU
		{F8878343-12D8-4588-B32A-A31546BA418C}.Release|Any CPU.Build.0 = Release|Any CPU
		{F8878343-12D8-4588-B32A-A31546BA418C}.Release|x64.ActiveCfg = Release|Any CPU
		{F8878343-12D8-4588-B32A-A31546BA418C}.Release|x64.Build.0 = Release|Any CPU
		{F8878343-12D8-4588-B32A-A31546BA418C}.Release|x86.ActiveCfg = Release|Any CPU
		{F8878343-12D8-4588-B32A-A31546BA418C}.Release|x86.Build.0 = Release|Any CPU
	EndGlobalSection
EndGlobal
